
Microsoft Visual Studio Solution File, Format Version 12.00
# Visual Studio Version 17
VisualStudioVersion = 17.1.32210.238
MinimumVisualStudioVersion = 10.0.40219.1
Project("{8BC9CEB8-8B4A-11D0-8D11-00A0C91BC942}") = "AnimalFarm2", "AnimalFarm2\AnimalFarm2.vcxproj", "{F4F5984A-FF58-4BB8-B2BC-24BA9C41D48C}"
EndProject
Global
	GlobalSection(SolutionConfigurationPlatforms) = preSolution
		Debug|x64 = Debug|x64
		Debug|x86 = Debug|x86
		Release|x64 = Release|x64
		Release|x86 = Release|x86
	EndGlobalSection
	GlobalSection(ProjectConfigurationPlatforms) = postSolution
		{F4F5984A-FF58-4BB8-B2BC-24BA9C41D48C}.Debug|x64.ActiveCfg = Debug|x64
		{F4F5984A-FF58-4BB8-B2BC-24BA9C41D48C}.Debug|x64.Build.0 = Debug|x64
		{F4F5984A-FF58-4BB8-B2BC-24BA9C41D48C}.Debug|x86.ActiveCfg = Debug|Win32
		{F4F5984A-FF58-4BB8-B2BC-24BA9C41D48C}.Debug|x86.Build.0 = Debug|Win32
		{F4F5984A-FF58-4BB8-B2BC-24BA9C41D48C}.Release|x64.ActiveCfg = Release|x64
		{F4F5984A-FF58-4BB8-B2BC-24BA9C41D48C}.Release|x64.Build.0 = Release|x64
		{F4F5984A-FF58-4BB8-B2BC-24BA9C41D48C}.Release|x86.ActiveCfg = Release|Win32
		{F4F5984A-FF58-4BB8-B2BC-24BA9C41D48C}.Release|x86.Build.0 = Release|Win32
	EndGlobalSection
	GlobalSection(SolutionProperties) = preSolution
		HideSolutionNode = FALSE
	EndGlobalSection
	GlobalSection(ExtensibilityGlobals) = postSolution
		SolutionGuid = {8BB7D5E1-B9AE-478F-9AB9-276106AFFC78}
	EndGlobalSection
EndGlobal
